
Microsoft Visual Studio Solution File, Format Version 12.00
# Visual Studio Version 16
VisualStudioVersion = 16.0.30907.101
MinimumVisualStudioVersion = 10.0.40219.1
Project("{FAE04EC0-301F-11D3-BF4B-00C04F79EFBC}") = "einvitation.Android", "einvitation.Android\einvitation.Android.csproj", "{47BABE06-E4AC-4717-9458-13A2F83CC0F5}"
EndProject
Project("{FAE04EC0-301F-11D3-BF4B-00C04F79EFBC}") = "einvitation.iOS", "einvitation.iOS\einvitation.iOS.csproj", "{88818D9A-3E4B-449D-BE02-BB92A3CFD174}"
EndProject
Project("{FAE04EC0-301F-11D3-BF4B-00C04F79EFBC}") = "einvitation", "einvitation\einvitation.csproj", "{8C9FC372-6491-49DB-991A-7F15515F26B6}"
EndProject
Global
	GlobalSection(SolutionConfigurationPlatforms) = preSolution
		Debug|Any CPU = Debug|Any CPU
		Debug|iPhone = Debug|iPhone
		Debug|iPhoneSimulator = Debug|iPhoneSimulator
		Release|Any CPU = Release|Any CPU
		Release|iPhone = Release|iPhone
		Release|iPhoneSimulator = Release|iPhoneSimulator
	EndGlobalSection
	GlobalSection(ProjectConfigurationPlatforms) = postSolution
		{47BABE06-E4AC-4717-9458-13A2F83CC0F5}.Debug|Any CPU.ActiveCfg = Debug|Any CPU
		{47BABE06-E4AC-4717-9458-13A2F83CC0F5}.Debug|Any CPU.Build.0 = Debug|Any CPU
		{47BABE06-E4AC-4717-9458-13A2F83CC0F5}.Debug|Any CPU.Deploy.0 = Debug|Any CPU
		{47BABE06-E4AC-4717-9458-13A2F83CC0F5}.Debug|iPhone.ActiveCfg = Debug|Any CPU
		{47BABE06-E4AC-4717-9458-13A2F83CC0F5}.Debug|iPhone.Build.0 = Debug|Any CPU
		{47BABE06-E4AC-4717-9458-13A2F83CC0F5}.Debug|iPhone.Deploy.0 = Debug|Any CPU
		{47BABE06-E4AC-4717-9458-13A2F83CC0F5}.Debug|iPhoneSimulator.ActiveCfg = Debug|Any CPU
		{47BABE06-E4AC-4717-9458-13A2F83CC0F5}.Debug|iPhoneSimulator.Build.0 = Debug|Any CPU
		{47BABE06-E4AC-4717-9458-13A2F83CC0F5}.Debug|iPhoneSimulator.Deploy.0 = Debug|Any CPU
		{47BABE06-E4AC-4717-9458-13A2F83CC0F5}.Release|Any CPU.ActiveCfg = Release|Any CPU
		{47BABE06-E4AC-4717-9458-13A2F83CC0F5}.Release|Any CPU.Build.0 = Release|Any CPU
		{47BABE06-E4AC-4717-9458-13A2F83CC0F5}.Release|Any CPU.Deploy.0 = Release|Any CPU
		{47BABE06-E4AC-4717-9458-13A2F83CC0F5}.Release|iPhone.ActiveCfg = Release|Any CPU
		{47BABE06-E4AC-4717-9458-13A2F83CC0F5}.Release|iPhone.Build.0 = Release|Any CPU
		{47BABE06-E4AC-4717-9458-13A2F83CC0F5}.Release|iPhone.Deploy.0 = Release|Any CPU
		{47BABE06-E4AC-4717-9458-13A2F83CC0F5}.Release|iPhoneSimulator.ActiveCfg = Release|Any CPU
		{47BABE06-E4AC-4717-9458-13A2F83CC0F5}.Release|iPhoneSimulator.Build.0 = Release|Any CPU
		{47BABE06-E4AC-4717-9458-13A2F83CC0F5}.Release|iPhoneSimulator.Deploy.0 = Release|Any CPU
		{88818D9A-3E4B-449D-BE02-BB92A3CFD174}.Debug|Any CPU.ActiveCfg = Debug|iPhone
		{88818D9A-3E4B-449D-BE02-BB92A3CFD174}.Debug|Any CPU.Build.0 = Debug|iPhone
		{88818D9A-3E4B-449D-BE02-BB92A3CFD174}.Debug|Any CPU.Deploy.0 = Debug|iPhone
		{88818D9A-3E4B-449D-BE02-BB92A3CFD174}.Debug|iPhone.ActiveCfg = Debug|iPhone
		{88818D9A-3E4B-449D-BE02-BB92A3CFD174}.Debug|iPhone.Build.0 = Debug|iPhone
		{88818D9A-3E4B-449D-BE02-BB92A3CFD174}.Debug|iPhone.Deploy.0 = Debug|iPhone
		{88818D9A-3E4B-449D-BE02-BB92A3CFD174}.Debug|iPhoneSimulator.ActiveCfg = Debug|iPhoneSimulator
		{88818D9A-3E4B-449D-BE02-BB92A3CFD174}.Debug|iPhoneSimulator.Build.0 = Debug|iPhoneSimulator
		{88818D9A-3E4B-449D-BE02-BB92A3CFD174}.Debug|iPhoneSimulator.Deploy.0 = Debug|iPhoneSimulator
		{88818D9A-3E4B-449D-BE02-BB92A3CFD174}.Release|Any CPU.ActiveCfg = Release|iPhoneSimulator
		{88818D9A-3E4B-449D-BE02-BB92A3CFD174}.Release|Any CPU.Build.0 = Release|iPhoneSimulator
		{88818D9A-3E4B-449D-BE02-BB92A3CFD174}.Release|Any CPU.Deploy.0 = Release|iPhoneSimulator
		{88818D9A-3E4B-449D-BE02-BB92A3CFD174}.Release|iPhone.ActiveCfg = Release|iPhone
		{88818D9A-3E4B-449D-BE02-BB92A3CFD174}.Release|iPhone.Build.0 = Release|iPhone
		{88818D9A-3E4B-449D-BE02-BB92A3CFD174}.Release|iPhone.Deploy.0 = Release|iPhone
		{88818D9A-3E4B-449D-BE02-BB92A3CFD174}.Release|iPhoneSimulator.ActiveCfg = Release|iPhoneSimulator
		{88818D9A-3E4B-449D-BE02-BB92A3CFD174}.Release|iPhoneSimulator.Build.0 = Release|iPhoneSimulator
		{88818D9A-3E4B-449D-BE02-BB92A3CFD174}.Release|iPhoneSimulator.Deploy.0 = Release|iPhoneSimulator
		{8C9FC372-6491-49DB-991A-7F15515F26B6}.Debug|Any CPU.ActiveCfg = Debug|Any CPU
		{8C9FC372-6491-49DB-991A-7F15515F26B6}.Debug|Any CPU.Build.0 = Debug|Any CPU
		{8C9FC372-6491-49DB-991A-7F15515F26B6}.Debug|Any CPU.Deploy.0 = Debug|Any CPU
		{8C9FC372-6491-49DB-991A-7F15515F26B6}.Debug|iPhone.ActiveCfg = Debug|Any CPU
		{8C9FC372-6491-49DB-991A-7F15515F26B6}.Debug|iPhone.Build.0 = Debug|Any CPU
		{8C9FC372-6491-49DB-991A-7F15515F26B6}.Debug|iPhone.Deploy.0 = Debug|Any CPU
		{8C9FC372-6491-49DB-991A-7F15515F26B6}.Debug|iPhoneSimulator.ActiveCfg = Debug|Any CPU
		{8C9FC372-6491-49DB-991A-7F15515F26B6}.Debug|iPhoneSimulator.Build.0 = Debug|Any CPU
		{8C9FC372-6491-49DB-991A-7F15515F26B6}.Debug|iPhoneSimulator.Deploy.0 = Debug|Any CPU
		{8C9FC372-6491-49DB-991A-7F15515F26B6}.Release|Any CPU.ActiveCfg = Release|Any CPU
		{8C9FC372-6491-49DB-991A-7F15515F26B6}.Release|Any CPU.Build.0 = Release|Any CPU
		{8C9FC372-6491-49DB-991A-7F15515F26B6}.Release|Any CPU.Deploy.0 = Release|Any CPU
		{8C9FC372-6491-49DB-991A-7F15515F26B6}.Release|iPhone.ActiveCfg = Release|Any CPU
		{8C9FC372-6491-49DB-991A-7F15515F26B6}.Release|iPhone.Build.0 = Release|Any CPU
		{8C9FC372-6491-49DB-991A-7F15515F26B6}.Release|iPhone.Deploy.0 = Release|Any CPU
		{8C9FC372-6491-49DB-991A-7F15515F26B6}.Release|iPhoneSimulator.ActiveCfg = Release|Any CPU
		{8C9FC372-6491-49DB-991A-7F15515F26B6}.Release|iPhoneSimulator.Build.0 = Release|Any CPU
		{8C9FC372-6491-49DB-991A-7F15515F26B6}.Release|iPhoneSimulator.Deploy.0 = Release|Any CPU
	EndGlobalSection
	GlobalSection(SolutionProperties) = preSolution
		HideSolutionNode = FALSE
	EndGlobalSection
	GlobalSection(ExtensibilityGlobals) = postSolution
		SolutionGuid = {5C6CC557-F98D-4209-B0AB-F1EC79D105B7}
	EndGlobalSection
EndGlobal
